
Microsoft Visual Studio Solution File, Format Version 12.00
# Visual Studio Version 17
VisualStudioVersion = 17.14.36429.23 d17.14
MinimumVisualStudioVersion = 10.0.40219.1
Project("{FAE04EC0-301F-11D3-BF4B-00C04F79EFBC}") = "MtgRules", "MtgRules\MtgRules.csproj", "{5B0143E6-09C4-4915-8950-5E8D59D02FC6}"
EndProject
Global
	GlobalSection(SolutionConfigurationPlatforms) = preSolution
		Debug|Any CPU = Debug|Any CPU
		Release|Any CPU = Release|Any CPU
	EndGlobalSection
	GlobalSection(ProjectConfigurationPlatforms) = postSolution
		{5B0143E6-09C4-4915-8950-5E8D59D02FC6}.Debug|Any CPU.ActiveCfg = Debug|Any CPU
		{5B0143E6-09C4-4915-8950-5E8D59D02FC6}.Debug|Any CPU.Build.0 = Debug|Any CPU
		{5B0143E6-09C4-4915-8950-5E8D59D02FC6}.Release|Any CPU.ActiveCfg = Release|Any CPU
		{5B0143E6-09C4-4915-8950-5E8D59D02FC6}.Release|Any CPU.Build.0 = Release|Any CPU
	EndGlobalSection
	GlobalSection(SolutionProperties) = preSolution
		HideSolutionNode = FALSE
	EndGlobalSection
	GlobalSection(ExtensibilityGlobals) = postSolution
		SolutionGuid = {CD5F2C01-F0DF-419D-BF0B-C4B90FDD0E99}
	EndGlobalSection
EndGlobal
